// !$*UTF8*$!
{
	archiveVersion = 1;
	classes = {
	};
	objectVersion = 77;
	objects = {

/* Begin PBXBuildFile section */
		5A2A5AAD2DE2F7BF00A47A12 /* KeyboardShortcuts in Frameworks */ = {isa = PBXBuildFile; productRef = 5A2A5AAC2DE2F7BF00A47A12 /* KeyboardShortcuts */; };
		5AAF6EEF2DF2DC8400AF5A9A /* SwiftDown in Frameworks */ = {isa = PBXBuildFile; productRef = 5AAF6EEE2DF2DC8400AF5A9A /* SwiftDown */; };
		5AAF6EF22DF2EA3500AF5A9A /* SwiftDown in Frameworks */ = {isa = PBXBuildFile; productRef = 5AAF6EF12DF2EA3500AF5A9A /* SwiftDown */; };
/* End PBXBuildFile section */

/* Begin PBXContainerItemProxy section */
		5A2A5A6C2DE1B43300A47A12 /* PBXContainerItemProxy */ = {
			isa = PBXContainerItemProxy;
			containerPortal = 5A2A5A552DE1B43100A47A12 /* Project object */;
			proxyType = 1;
			remoteGlobalIDString = 5A2A5A5C2DE1B43100A47A12;
			remoteInfo = FloatingNotes;
		};
		5A2A5A762DE1B43300A47A12 /* PBXContainerItemProxy */ = {
			isa = PBXContainerItemProxy;
			containerPortal = 5A2A5A552DE1B43100A47A12 /* Project object */;
			proxyType = 1;
			remoteGlobalIDString = 5A2A5A5C2DE1B43100A47A12;
			remoteInfo = FloatingNotes;
		};
/* End PBXContainerItemProxy section */

/* Begin PBXFileReference section */
		5A2A5A5D2DE1B43100A47A12 /* FloatingNotes.app */ = {isa = PBXFileReference; explicitFileType = wrapper.application; includeInIndex = 0; path = FloatingNotes.app; sourceTree = BUILT_PRODUCTS_DIR; };
		5A2A5A6B2DE1B43300A47A12 /* FloatingNotesTests.xctest */ = {isa = PBXFileReference; explicitFileType = wrapper.cfbundle; includeInIndex = 0; path = FloatingNotesTests.xctest; sourceTree = BUILT_PRODUCTS_DIR; };
		5A2A5A752DE1B43300A47A12 /* FloatingNotesUITests.xctest */ = {isa = PBXFileReference; explicitFileType = wrapper.cfbundle; includeInIndex = 0; path = FloatingNotesUITests.xctest; sourceTree = BUILT_PRODUCTS_DIR; };
/* End PBXFileReference section */

/* Begin PBXFileSystemSynchronizedRootGroup section */
		5A2A5A5F2DE1B43100A47A12 /* FloatingNotes */ = {
			isa = PBXFileSystemSynchronizedRootGroup;
			path = FloatingNotes;
			sourceTree = "<group>";
		};
		5A2A5A6E2DE1B43300A47A12 /* FloatingNotesTests */ = {
			isa = PBXFileSystemSynchronizedRootGroup;
			path = FloatingNotesTests;
			sourceTree = "<group>";
		};
		5A2A5A782DE1B43300A47A12 /* FloatingNotesUITests */ = {
			isa = PBXFileSystemSynchronizedRootGroup;
			path = FloatingNotesUITests;
			sourceTree = "<group>";
		};
		5A2A5AB62DE33CD200A47A12 /* Assets */ = {
			isa = PBXFileSystemSynchronizedRootGroup;
			path = Assets;
			sourceTree = "<group>";
		};
/* End PBXFileSystemSynchronizedRootGroup section */

/* Begin PBXFrameworksBuildPhase section */
		5A2A5A5A2DE1B43100A47A12 /* Frameworks */ = {
			isa = PBXFrameworksBuildPhase;
			buildActionMask = 2147483647;
			files = (
				5AAF6EEF2DF2DC8400AF5A9A /* SwiftDown in Frameworks */,
				5A2A5AAD2DE2F7BF00A47A12 /* KeyboardShortcuts in Frameworks */,
				5AAF6EF22DF2EA3500AF5A9A /* SwiftDown in Frameworks */,
			);
			runOnlyForDeploymentPostprocessing = 0;
		};
		5A2A5A682DE1B43300A47A12 /* Frameworks */ = {
			isa = PBXFrameworksBuildPhase;
			buildActionMask = 2147483647;
			files = (
			);
			runOnlyForDeploymentPostprocessing = 0;
		};
		5A2A5A722DE1B43300A47A12 /* Frameworks */ = {
			isa = PBXFrameworksBuildPhase;
			buildActionMask = 2147483647;
			files = (
			);
			runOnlyForDeploymentPostprocessing = 0;
		};
/* End PBXFrameworksBuildPhase section */

/* Begin PBXGroup section */
		5A2A5A542DE1B43100A47A12 = {
			isa = PBXGroup;
			children = (
				5A2A5AB62DE33CD200A47A12 /* Assets */,
				5A2A5A5F2DE1B43100A47A12 /* FloatingNotes */,
				5A2A5A6E2DE1B43300A47A12 /* FloatingNotesTests */,
				5A2A5A782DE1B43300A47A12 /* FloatingNotesUITests */,
				5A2A5A5E2DE1B43100A47A12 /* Products */,
			);
			sourceTree = "<group>";
		};
		5A2A5A5E2DE1B43100A47A12 /* Products */ = {
			isa = PBXGroup;
			children = (
				5A2A5A5D2DE1B43100A47A12 /* FloatingNotes.app */,
				5A2A5A6B2DE1B43300A47A12 /* FloatingNotesTests.xctest */,
				5A2A5A752DE1B43300A47A12 /* FloatingNotesUITests.xctest */,
			);
			name = Products;
			sourceTree = "<group>";
		};
/* End PBXGroup section */

/* Begin PBXNativeTarget section */
		5A2A5A5C2DE1B43100A47A12 /* FloatingNotes */ = {
			isa = PBXNativeTarget;
			buildConfigurationList = 5A2A5A7F2DE1B43300A47A12 /* Build configuration list for PBXNativeTarget "FloatingNotes" */;
			buildPhases = (
				5A2A5A592DE1B43100A47A12 /* Sources */,
				5A2A5A5A2DE1B43100A47A12 /* Frameworks */,
				5A2A5A5B2DE1B43100A47A12 /* Resources */,
			);
			buildRules = (
			);
			dependencies = (
			);
			fileSystemSynchronizedGroups = (
				5A2A5A5F2DE1B43100A47A12 /* FloatingNotes */,
				5A2A5AB62DE33CD200A47A12 /* Assets */,
			);
			name = FloatingNotes;
			packageProductDependencies = (
				5A2A5AAC2DE2F7BF00A47A12 /* KeyboardShortcuts */,
				5AAF6EEE2DF2DC8400AF5A9A /* SwiftDown */,
				5AAF6EF12DF2EA3500AF5A9A /* SwiftDown */,
			);
			productName = FloatingNotes;
			productReference = 5A2A5A5D2DE1B43100A47A12 /* FloatingNotes.app */;
			productType = "com.apple.product-type.application";
		};
		5A2A5A6A2DE1B43300A47A12 /* FloatingNotesTests */ = {
			isa = PBXNativeTarget;
			buildConfigurationList = 5A2A5A822DE1B43300A47A12 /* Build configuration list for PBXNativeTarget "FloatingNotesTests" */;
			buildPhases = (
				5A2A5A672DE1B43300A47A12 /* Sources */,
				5A2A5A682DE1B43300A47A12 /* Frameworks */,
				5A2A5A692DE1B43300A47A12 /* Resources */,
			);
			buildRules = (
			);
			dependencies = (
				5A2A5A6D2DE1B43300A47A12 /* PBXTargetDependency */,
			);
			fileSystemSynchronizedGroups = (
				5A2A5A6E2DE1B43300A47A12 /* FloatingNotesTests */,
			);
			name = FloatingNotesTests;
			packageProductDependencies = (
			);
			productName = FloatingNotesTests;
			productReference = 5A2A5A6B2DE1B43300A47A12 /* FloatingNotesTests.xctest */;
			productType = "com.apple.product-type.bundle.unit-test";
		};
		5A2A5A742DE1B43300A47A12 /* FloatingNotesUITests */ = {
			isa = PBXNativeTarget;
			buildConfigurationList = 5A2A5A852DE1B43300A47A12 /* Build configuration list for PBXNativeTarget "FloatingNotesUITests" */;
			buildPhases = (
				5A2A5A712DE1B43300A47A12 /* Sources */,
				5A2A5A722DE1B43300A47A12 /* Frameworks */,
				5A2A5A732DE1B43300A47A12 /* Resources */,
			);
			buildRules = (
			);
			dependencies = (
				5A2A5A772DE1B43300A47A12 /* PBXTargetDependency */,
			);
			fileSystemSynchronizedGroups = (
				5A2A5A782DE1B43300A47A12 /* FloatingNotesUITests */,
			);
			name = FloatingNotesUITests;
			packageProductDependencies = (
			);
			productName = FloatingNotesUITests;
			productReference = 5A2A5A752DE1B43300A47A12 /* FloatingNotesUITests.xctest */;
			productType = "com.apple.product-type.bundle.ui-testing";
		};
/* End PBXNativeTarget section */

/* Begin PBXProject section */
		5A2A5A552DE1B43100A47A12 /* Project object */ = {
			isa = PBXProject;
			attributes = {
				BuildIndependentTargetsInParallel = 1;
				LastSwiftUpdateCheck = 1630;
				LastUpgradeCheck = 1640;
				TargetAttributes = {
					5A2A5A5C2DE1B43100A47A12 = {
						CreatedOnToolsVersion = 16.3;
					};
					5A2A5A6A2DE1B43300A47A12 = {
						CreatedOnToolsVersion = 16.3;
						TestTargetID = 5A2A5A5C2DE1B43100A47A12;
					};
					5A2A5A742DE1B43300A47A12 = {
						CreatedOnToolsVersion = 16.3;
						TestTargetID = 5A2A5A5C2DE1B43100A47A12;
					};
				};
			};
			buildConfigurationList = 5A2A5A582DE1B43100A47A12 /* Build configuration list for PBXProject "FloatingNotes" */;
			developmentRegion = en;
			hasScannedForEncodings = 0;
			knownRegions = (
				en,
				Base,
			);
			mainGroup = 5A2A5A542DE1B43100A47A12;
			minimizedProjectReferenceProxies = 1;
			packageReferences = (
				5A2A5AAB2DE2F5DC00A47A12 /* XCRemoteSwiftPackageReference "KeyboardShortcuts" */,
				5AAF6EF02DF2EA3500AF5A9A /* XCLocalSwiftPackageReference "../SwiftDown" */,
			);
			preferredProjectObjectVersion = 77;
			productRefGroup = 5A2A5A5E2DE1B43100A47A12 /* Products */;
			projectDirPath = "";
			projectRoot = "";
			targets = (
				5A2A5A5C2DE1B43100A47A12 /* FloatingNotes */,
				5A2A5A6A2DE1B43300A47A12 /* FloatingNotesTests */,
				5A2A5A742DE1B43300A47A12 /* FloatingNotesUITests */,
			);
		};
/* End PBXProject section */

/* Begin PBXResourcesBuildPhase section */
		5A2A5A5B2DE1B43100A47A12 /* Resources */ = {
			isa = PBXResourcesBuildPhase;
			buildActionMask = 2147483647;
			files = (
			);
			runOnlyForDeploymentPostprocessing = 0;
		};
		5A2A5A692DE1B43300A47A12 /* Resources */ = {
			isa = PBXResourcesBuildPhase;
			buildActionMask = 2147483647;
			files = (
			);
			runOnlyForDeploymentPostprocessing = 0;
		};
		5A2A5A732DE1B43300A47A12 /* Resources */ = {
			isa = PBXResourcesBuildPhase;
			buildActionMask = 2147483647;
			files = (
			);
			runOnlyForDeploymentPostprocessing = 0;
		};
/* End PBXResourcesBuildPhase section */

/* Begin PBXSourcesBuildPhase section */
		5A2A5A592DE1B43100A47A12 /* Sources */ = {
			isa = PBXSourcesBuildPhase;
			buildActionMask = 2147483647;
			files = (
			);
			runOnlyForDeploymentPostprocessing = 0;
		};
		5A2A5A672DE1B43300A47A12 /* Sources */ = {
			isa = PBXSourcesBuildPhase;
			buildActionMask = 2147483647;
			files = (
			);
			runOnlyForDeploymentPostprocessing = 0;
		};
		5A2A5A712DE1B43300A47A12 /* Sources */ = {
			isa = PBXSourcesBuildPhase;
			buildActionMask = 2147483647;
			files = (
			);
			runOnlyForDeploymentPostprocessing = 0;
		};
/* End PBXSourcesBuildPhase section */

/* Begin PBXTargetDependency section */
		5A2A5A6D2DE1B43300A47A12 /* PBXTargetDependency */ = {
			isa = PBXTargetDependency;
			target = 5A2A5A5C2DE1B43100A47A12 /* FloatingNotes */;
			targetProxy = 5A2A5A6C2DE1B43300A47A12 /* PBXContainerItemProxy */;
		};
		5A2A5A772DE1B43300A47A12 /* PBXTargetDependency */ = {
			isa = PBXTargetDependency;
			target = 5A2A5A5C2DE1B43100A47A12 /* FloatingNotes */;
			targetProxy = 5A2A5A762DE1B43300A47A12 /* PBXContainerItemProxy */;
		};
/* End PBXTargetDependency section */

/* Begin XCBuildConfiguration section */
		5A2A5A7D2DE1B43300A47A12 /* Debug */ = {
			isa = XCBuildConfiguration;
			buildSettings = {
				ALWAYS_SEARCH_USER_PATHS = NO;
				ASSETCATALOG_COMPILER_GENERATE_SWIFT_ASSET_SYMBOL_EXTENSIONS = YES;
				CLANG_ANALYZER_NONNULL = YES;
				CLANG_ANALYZER_NUMBER_OBJECT_CONVERSION = YES_AGGRESSIVE;
				CLANG_CXX_LANGUAGE_STANDARD = "gnu++20";
				CLANG_ENABLE_MODULES = YES;
				CLANG_ENABLE_OBJC_ARC = YES;
				CLANG_ENABLE_OBJC_WEAK = YES;
				CLANG_WARN_BLOCK_CAPTURE_AUTORELEASING = YES;
				CLANG_WARN_BOOL_CONVERSION = YES;
				CLANG_WARN_COMMA = YES;
				CLANG_WARN_CONSTANT_CONVERSION = YES;
				CLANG_WARN_DEPRECATED_OBJC_IMPLEMENTATIONS = YES;
				CLANG_WARN_DIRECT_OBJC_ISA_USAGE = YES_ERROR;
				CLANG_WARN_DOCUMENTATION_COMMENTS = YES;
				CLANG_WARN_EMPTY_BODY = YES;
				CLANG_WARN_ENUM_CONVERSION = YES;
				CLANG_WARN_INFINITE_RECURSION = YES;
				CLANG_WARN_INT_CONVERSION = YES;
				CLANG_WARN_NON_LITERAL_NULL_CONVERSION = YES;
				CLANG_WARN_OBJC_IMPLICIT_RETAIN_SELF = YES;
				CLANG_WARN_OBJC_LITERAL_CONVERSION = YES;
				CLANG_WARN_OBJC_ROOT_CLASS = YES_ERROR;
				CLANG_WARN_QUOTED_INCLUDE_IN_FRAMEWORK_HEADER = YES;
				CLANG_WARN_RANGE_LOOP_ANALYSIS = YES;
				CLANG_WARN_STRICT_PROTOTYPES = YES;
				CLANG_WARN_SUSPICIOUS_MOVE = YES;
				CLANG_WARN_UNGUARDED_AVAILABILITY = YES_AGGRESSIVE;
				CLANG_WARN_UNREACHABLE_CODE = YES;
				CLANG_WARN__DUPLICATE_METHOD_MATCH = YES;
				COPY_PHASE_STRIP = NO;
				DEAD_CODE_STRIPPING = YES;
				DEBUG_INFORMATION_FORMAT = dwarf;
				ENABLE_STRICT_OBJC_MSGSEND = YES;
				ENABLE_TESTABILITY = YES;
				ENABLE_USER_SCRIPT_SANDBOXING = YES;
				GCC_C_LANGUAGE_STANDARD = gnu17;
				GCC_DYNAMIC_NO_PIC = NO;
				GCC_NO_COMMON_BLOCKS = YES;
				GCC_OPTIMIZATION_LEVEL = 0;
				GCC_PREPROCESSOR_DEFINITIONS = (
					"DEBUG=1",
					"$(inherited)",
				);
				GCC_WARN_64_TO_32_BIT_CONVERSION = YES;
				GCC_WARN_ABOUT_RETURN_TYPE = YES_ERROR;
				GCC_WARN_UNDECLARED_SELECTOR = YES;
				GCC_WARN_UNINITIALIZED_AUTOS = YES_AGGRESSIVE;
				GCC_WARN_UNUSED_FUNCTION = YES;
				GCC_WARN_UNUSED_VARIABLE = YES;
				LOCALIZATION_PREFERS_STRING_CATALOGS = YES;
				MACOSX_DEPLOYMENT_TARGET = 15.4;
				MTL_ENABLE_DEBUG_INFO = INCLUDE_SOURCE;
				MTL_FAST_MATH = YES;
				ONLY_ACTIVE_ARCH = YES;
				SDKROOT = macosx;
				SWIFT_ACTIVE_COMPILATION_CONDITIONS = "DEBUG $(inherited)";
				SWIFT_OPTIMIZATION_LEVEL = "-Onone";
			};
			name = Debug;
		};
		5A2A5A7E2DE1B43300A47A12 /* Release */ = {
			isa = XCBuildConfiguration;
			buildSettings = {
				ALWAYS_SEARCH_USER_PATHS = NO;
				ASSETCATALOG_COMPILER_GENERATE_SWIFT_ASSET_SYMBOL_EXTENSIONS = YES;
				CLANG_ANALYZER_NONNULL = YES;
				CLANG_ANALYZER_NUMBER_OBJECT_CONVERSION = YES_AGGRESSIVE;
				CLANG_CXX_LANGUAGE_STANDARD = "gnu++20";
				CLANG_ENABLE_MODULES = YES;
				CLANG_ENABLE_OBJC_ARC = YES;
				CLANG_ENABLE_OBJC_WEAK = YES;
				CLANG_WARN_BLOCK_CAPTURE_AUTORELEASING = YES;
				CLANG_WARN_BOOL_CONVERSION = YES;
				CLANG_WARN_COMMA = YES;
				CLANG_WARN_CONSTANT_CONVERSION = YES;
				CLANG_WARN_DEPRECATED_OBJC_IMPLEMENTATIONS = YES;
				CLANG_WARN_DIRECT_OBJC_ISA_USAGE = YES_ERROR;
				CLANG_WARN_DOCUMENTATION_COMMENTS = YES;
				CLANG_WARN_EMPTY_BODY = YES;
				CLANG_WARN_ENUM_CONVERSION = YES;
				CLANG_WARN_INFINITE_RECURSION = YES;
				CLANG_WARN_INT_CONVERSION = YES;
				CLANG_WARN_NON_LITERAL_NULL_CONVERSION = YES;
				CLANG_WARN_OBJC_IMPLICIT_RETAIN_SELF = YES;
				CLANG_WARN_OBJC_LITERAL_CONVERSION = YES;
				CLANG_WARN_OBJC_ROOT_CLASS = YES_ERROR;
				CLANG_WARN_QUOTED_INCLUDE_IN_FRAMEWORK_HEADER = YES;
				CLANG_WARN_RANGE_LOOP_ANALYSIS = YES;
				CLANG_WARN_STRICT_PROTOTYPES = YES;
				CLANG_WARN_SUSPICIOUS_MOVE = YES;
				CLANG_WARN_UNGUARDED_AVAILABILITY = YES_AGGRESSIVE;
				CLANG_WARN_UNREACHABLE_CODE = YES;
				CLANG_WARN__DUPLICATE_METHOD_MATCH = YES;
				COPY_PHASE_STRIP = NO;
				DEAD_CODE_STRIPPING = YES;
				DEBUG_INFORMATION_FORMAT = "dwarf-with-dsym";
				ENABLE_NS_ASSERTIONS = NO;
				ENABLE_STRICT_OBJC_MSGSEND = YES;
				ENABLE_USER_SCRIPT_SANDBOXING = YES;
				GCC_C_LANGUAGE_STANDARD = gnu17;
				GCC_NO_COMMON_BLOCKS = YES;
				GCC_WARN_64_TO_32_BIT_CONVERSION = YES;
				GCC_WARN_ABOUT_RETURN_TYPE = YES_ERROR;
				GCC_WARN_UNDECLARED_SELECTOR = YES;
				GCC_WARN_UNINITIALIZED_AUTOS = YES_AGGRESSIVE;
				GCC_WARN_UNUSED_FUNCTION = YES;
				GCC_WARN_UNUSED_VARIABLE = YES;
				LOCALIZATION_PREFERS_STRING_CATALOGS = YES;
				MACOSX_DEPLOYMENT_TARGET = 15.4;
				MTL_ENABLE_DEBUG_INFO = NO;
				MTL_FAST_MATH = YES;
				SDKROOT = macosx;
				SWIFT_COMPILATION_MODE = wholemodule;
			};
			name = Release;
		};
		5A2A5A802DE1B43300A47A12 /* Debug */ = {
			isa = XCBuildConfiguration;
			buildSettings = {
				ASSETCATALOG_COMPILER_APPICON_NAME = AppIcon;
				ASSETCATALOG_COMPILER_GLOBAL_ACCENT_COLOR_NAME = AccentColor;
				ASSETCATALOG_COMPILER_INCLUDE_ALL_APPICON_ASSETS = YES;
				CODE_SIGN_ENTITLEMENTS = FloatingNotes/FloatingNotes.entitlements;
				"CODE_SIGN_IDENTITY[sdk=macosx*]" = "Apple Development";
				CODE_SIGN_STYLE = Automatic;
				COMBINE_HIDPI_IMAGES = YES;
				CURRENT_PROJECT_VERSION = 1;
				DEAD_CODE_STRIPPING = YES;
				DEVELOPMENT_TEAM = L5C6Z6SQ2H;
				ENABLE_PREVIEWS = YES;
				GENERATE_INFOPLIST_FILE = YES;
				INFOPLIST_KEY_CFBundleDisplayName = "Floating Notes";
				INFOPLIST_KEY_CFBundleURLTypes_0_CFBundleURLName = "FloatingNotes URL Scheme";
				INFOPLIST_KEY_CFBundleURLTypes_0_CFBundleURLSchemes_0 = floatingnotes;
				INFOPLIST_KEY_LSApplicationCategoryType = "public.app-category.productivity";
				INFOPLIST_KEY_NSHumanReadableCopyright = "";
				LD_RUNPATH_SEARCH_PATHS = (
					"$(inherited)",
					"@executable_path/../Frameworks",
				);
				MACOSX_DEPLOYMENT_TARGET = 14.0;
				MARKETING_VERSION = 1.0;
				PRODUCT_BUNDLE_IDENTIFIER = FletcherAlderton.FloatingNotes;
				PRODUCT_NAME = "$(TARGET_NAME)";
				REGISTER_APP_GROUPS = YES;
				SWIFT_EMIT_LOC_STRINGS = YES;
				SWIFT_VERSION = 5.0;
			};
			name = Debug;
		};
		5A2A5A812DE1B43300A47A12 /* Release */ = {
			isa = XCBuildConfiguration;
			buildSettings = {
				ASSETCATALOG_COMPILER_APPICON_NAME = AppIcon;
				ASSETCATALOG_COMPILER_GLOBAL_ACCENT_COLOR_NAME = AccentColor;
				ASSETCATALOG_COMPILER_INCLUDE_ALL_APPICON_ASSETS = YES;
				CODE_SIGN_ENTITLEMENTS = FloatingNotes/FloatingNotes.entitlements;
				"CODE_SIGN_IDENTITY[sdk=macosx*]" = "Apple Development";
				CODE_SIGN_STYLE = Automatic;
				COMBINE_HIDPI_IMAGES = YES;
				CURRENT_PROJECT_VERSION = 1;
				DEAD_CODE_STRIPPING = YES;
				DEVELOPMENT_TEAM = L5C6Z6SQ2H;
				ENABLE_PREVIEWS = YES;
				GENERATE_INFOPLIST_FILE = YES;
				INFOPLIST_KEY_CFBundleDisplayName = "Floating Notes";
				INFOPLIST_KEY_CFBundleURLTypes_0_CFBundleURLName = "FloatingNotes URL Scheme";
				INFOPLIST_KEY_CFBundleURLTypes_0_CFBundleURLSchemes_0 = floatingnotes;
				INFOPLIST_KEY_LSApplicationCategoryType = "public.app-category.productivity";
				INFOPLIST_KEY_NSHumanReadableCopyright = "";
				LD_RUNPATH_SEARCH_PATHS = (
					"$(inherited)",
					"@executable_path/../Frameworks",
				);
				MACOSX_DEPLOYMENT_TARGET = 14.0;
				MARKETING_VERSION = 1.0;
				PRODUCT_BUNDLE_IDENTIFIER = FletcherAlderton.FloatingNotes;
				PRODUCT_NAME = "$(TARGET_NAME)";
				REGISTER_APP_GROUPS = YES;
				SWIFT_EMIT_LOC_STRINGS = YES;
				SWIFT_VERSION = 5.0;
			};
			name = Release;
		};
		5A2A5A832DE1B43300A47A12 /* Debug */ = {
			isa = XCBuildConfiguration;
			buildSettings = {
				BUNDLE_LOADER = "$(TEST_HOST)";
				CODE_SIGN_STYLE = Automatic;
				CURRENT_PROJECT_VERSION = 1;
				DEAD_CODE_STRIPPING = YES;
				GENERATE_INFOPLIST_FILE = YES;
				MACOSX_DEPLOYMENT_TARGET = 15.4;
				MARKETING_VERSION = 1.0;
				PRODUCT_BUNDLE_IDENTIFIER = FletcherAlderton.FloatingNotesTests;
				PRODUCT_NAME = "$(TARGET_NAME)";
				SWIFT_EMIT_LOC_STRINGS = NO;
				SWIFT_VERSION = 5.0;
				TEST_HOST = "$(BUILT_PRODUCTS_DIR)/FloatingNotes.app/$(BUNDLE_EXECUTABLE_FOLDER_PATH)/FloatingNotes";
			};
			name = Debug;
		};
		5A2A5A842DE1B43300A47A12 /* Release */ = {
			isa = XCBuildConfiguration;
			buildSettings = {
				BUNDLE_LOADER = "$(TEST_HOST)";
				CODE_SIGN_STYLE = Automatic;
				CURRENT_PROJECT_VERSION = 1;
				DEAD_CODE_STRIPPING = YES;
				GENERATE_INFOPLIST_FILE = YES;
				MACOSX_DEPLOYMENT_TARGET = 15.4;
				MARKETING_VERSION = 1.0;
				PRODUCT_BUNDLE_IDENTIFIER = FletcherAlderton.FloatingNotesTests;
				PRODUCT_NAME = "$(TARGET_NAME)";
				SWIFT_EMIT_LOC_STRINGS = NO;
				SWIFT_VERSION = 5.0;
				TEST_HOST = "$(BUILT_PRODUCTS_DIR)/FloatingNotes.app/$(BUNDLE_EXECUTABLE_FOLDER_PATH)/FloatingNotes";
			};
			name = Release;
		};
		5A2A5A862DE1B43300A47A12 /* Debug */ = {
			isa = XCBuildConfiguration;
			buildSettings = {
				CODE_SIGN_STYLE = Automatic;
				CURRENT_PROJECT_VERSION = 1;
				DEAD_CODE_STRIPPING = YES;
				GENERATE_INFOPLIST_FILE = YES;
				MARKETING_VERSION = 1.0;
				PRODUCT_BUNDLE_IDENTIFIER = FletcherAlderton.FloatingNotesUITests;
				PRODUCT_NAME = "$(TARGET_NAME)";
				SWIFT_EMIT_LOC_STRINGS = NO;
				SWIFT_VERSION = 5.0;
				TEST_TARGET_NAME = FloatingNotes;
			};
			name = Debug;
		};
		5A2A5A872DE1B43300A47A12 /* Release */ = {
			isa = XCBuildConfiguration;
			buildSettings = {
				CODE_SIGN_STYLE = Automatic;
				CURRENT_PROJECT_VERSION = 1;
				DEAD_CODE_STRIPPING = YES;
				GENERATE_INFOPLIST_FILE = YES;
				MARKETING_VERSION = 1.0;
				PRODUCT_BUNDLE_IDENTIFIER = FletcherAlderton.FloatingNotesUITests;
				PRODUCT_NAME = "$(TARGET_NAME)";
				SWIFT_EMIT_LOC_STRINGS = NO;
				SWIFT_VERSION = 5.0;
				TEST_TARGET_NAME = FloatingNotes;
			};
			name = Release;
		};
/* End XCBuildConfiguration section */

/* Begin XCConfigurationList section */
		5A2A5A582DE1B43100A47A12 /* Build configuration list for PBXProject "FloatingNotes" */ = {
			isa = XCConfigurationList;
			buildConfigurations = (
				5A2A5A7D2DE1B43300A47A12 /* Debug */,
				5A2A5A7E2DE1B43300A47A12 /* Release */,
			);
			defaultConfigurationIsVisible = 0;
			defaultConfigurationName = Release;
		};
		5A2A5A7F2DE1B43300A47A12 /* Build configuration list for PBXNativeTarget "FloatingNotes" */ = {
			isa = XCConfigurationList;
			buildConfigurations = (
				5A2A5A802DE1B43300A47A12 /* Debug */,
				5A2A5A812DE1B43300A47A12 /* Release */,
			);
			defaultConfigurationIsVisible = 0;
			defaultConfigurationName = Release;
		};
		5A2A5A822DE1B43300A47A12 /* Build configuration list for PBXNativeTarget "FloatingNotesTests" */ = {
			isa = XCConfigurationList;
			buildConfigurations = (
				5A2A5A832DE1B43300A47A12 /* Debug */,
				5A2A5A842DE1B43300A47A12 /* Release */,
			);
			defaultConfigurationIsVisible = 0;
			defaultConfigurationName = Release;
		};
		5A2A5A852DE1B43300A47A12 /* Build configuration list for PBXNativeTarget "FloatingNotesUITests" */ = {
			isa = XCConfigurationList;
			buildConfigurations = (
				5A2A5A862DE1B43300A47A12 /* Debug */,
				5A2A5A872DE1B43300A47A12 /* Release */,
			);
			defaultConfigurationIsVisible = 0;
			defaultConfigurationName = Release;
		};
/* End XCConfigurationList section */

/* Begin XCLocalSwiftPackageReference section */
		5AAF6EF02DF2EA3500AF5A9A /* XCLocalSwiftPackageReference "../SwiftDown" */ = {
			isa = XCLocalSwiftPackageReference;
			relativePath = ../SwiftDown;
		};
/* End XCLocalSwiftPackageReference section */

/* Begin XCRemoteSwiftPackageReference section */
		5A2A5AAB2DE2F5DC00A47A12 /* XCRemoteSwiftPackageReference "KeyboardShortcuts" */ = {
			isa = XCRemoteSwiftPackageReference;
			repositoryURL = "https://github.com/sindresorhus/KeyboardShortcuts";
			requirement = {
				kind = upToNextMajorVersion;
				minimumVersion = 2.3.0;
			};
		};
/* End XCRemoteSwiftPackageReference section */

/* Begin XCSwiftPackageProductDependency section */
		5A2A5AAC2DE2F7BF00A47A12 /* KeyboardShortcuts */ = {
			isa = XCSwiftPackageProductDependency;
			package = 5A2A5AAB2DE2F5DC00A47A12 /* XCRemoteSwiftPackageReference "KeyboardShortcuts" */;
			productName = KeyboardShortcuts;
		};
		5AAF6EEE2DF2DC8400AF5A9A /* SwiftDown */ = {
			isa = XCSwiftPackageProductDependency;
			productName = SwiftDown;
		};
		5AAF6EF12DF2EA3500AF5A9A /* SwiftDown */ = {
			isa = XCSwiftPackageProductDependency;
			productName = SwiftDown;
		};
/* End XCSwiftPackageProductDependency section */
	};
	rootObject = 5A2A5A552DE1B43100A47A12 /* Project object */;
}
